// !$*UTF8*$!
{
	archiveVersion = 1;
	classes = {
	};
	objectVersion = 46;
	objects = {

/* Begin PBXBuildFile section */
		D80EA3CD1EF47BB0002F07D9 /* AppDelegate.swift in Sources */ = {isa = PBXBuildFile; fileRef = D80EA3CC1EF47BB0002F07D9 /* AppDelegate.swift */; };
		D80EA3CF1EF47BB0002F07D9 /* ViewController.swift in Sources */ = {isa = PBXBuildFile; fileRef = D80EA3CE1EF47BB0002F07D9 /* ViewController.swift */; };
		D80EA3D21EF47BB0002F07D9 /* Main.storyboard in Resources */ = {isa = PBXBuildFile; fileRef = D80EA3D01EF47BB0002F07D9 /* Main.storyboard */; };
		D80EA3D41EF47BB0002F07D9 /* Assets.xcassets in Resources */ = {isa = PBXBuildFile; fileRef = D80EA3D31EF47BB0002F07D9 /* Assets.xcassets */; };
		D80EA3D71EF47BB0002F07D9 /* LaunchScreen.storyboard in Resources */ = {isa = PBXBuildFile; fileRef = D80EA3D51EF47BB0002F07D9 /* LaunchScreen.storyboard */; };
		D80EA3DF1EF47C49002F07D9 /* Datos.swift in Sources */ = {isa = PBXBuildFile; fileRef = D80EA3DE1EF47C49002F07D9 /* Datos.swift */; };
		D80EA3E11EF48404002F07D9 /* ColorStruct.swift in Sources */ = {isa = PBXBuildFile; fileRef = D80EA3E01EF48404002F07D9 /* ColorStruct.swift */; };
/* End PBXBuildFile section */

/* Begin PBXFileReference section */
		D80EA3C91EF47BB0002F07D9 /* Hamburguesas.app */ = {isa = PBXFileReference; explicitFileType = wrapper.application; includeInIndex = 0; path = Hamburguesas.app; sourceTree = BUILT_PRODUCTS_DIR; };
		D80EA3CC1EF47BB0002F07D9 /* AppDelegate.swift */ = {isa = PBXFileReference; lastKnownFileType = sourcecode.swift; path = AppDelegate.swift; sourceTree = "<group>"; };
		D80EA3CE1EF47BB0002F07D9 /* ViewController.swift */ = {isa = PBXFileReference; lastKnownFileType = sourcecode.swift; path = ViewController.swift; sourceTree = "<group>"; };
		D80EA3D11EF47BB0002F07D9 /* Base */ = {isa = PBXFileReference; lastKnownFileType = file.storyboard; name = Base; path = Base.lproj/Main.storyboard; sourceTree = "<group>"; };
		D80EA3D31EF47BB0002F07D9 /* Assets.xcassets */ = {isa = PBXFileReference; lastKnownFileType = folder.assetcatalog; path = Assets.xcassets; sourceTree = "<group>"; };
		D80EA3D61EF47BB0002F07D9 /* Base */ = {isa = PBXFileReference; lastKnownFileType = file.storyboard; name = Base; path = Base.lproj/LaunchScreen.storyboard; sourceTree = "<group>"; };
		D80EA3D81EF47BB0002F07D9 /* Info.plist */ = {isa = PBXFileReference; lastKnownFileType = text.plist.xml; path = Info.plist; sourceTree = "<group>"; };
		D80EA3DE1EF47C49002F07D9 /* Datos.swift */ = {isa = PBXFileReference; fileEncoding = 4; lastKnownFileType = sourcecode.swift; path = Datos.swift; sourceTree = "<group>"; };
		D80EA3E01EF48404002F07D9 /* ColorStruct.swift */ = {isa = PBXFileReference; fileEncoding = 4; lastKnownFileType = sourcecode.swift; path = ColorStruct.swift; sourceTree = "<group>"; };
/* End PBXFileReference section */

/* Begin PBXFrameworksBuildPhase section */
		D80EA3C61EF47BB0002F07D9 /* Frameworks */ = {
			isa = PBXFrameworksBuildPhase;
			buildActionMask = 2147483647;
			files = (
			);
			runOnlyForDeploymentPostprocessing = 0;
		};
/* End PBXFrameworksBuildPhase section */

/* Begin PBXGroup section */
		D80EA3C01EF47BB0002F07D9 = {
			isa = PBXGroup;
			children = (
				D80EA3CB1EF47BB0002F07D9 /* Hamburguesas */,
				D80EA3CA1EF47BB0002F07D9 /* Products */,
			);
			sourceTree = "<group>";
		};
		D80EA3CA1EF47BB0002F07D9 /* Products */ = {
			isa = PBXGroup;
			children = (
				D80EA3C91EF47BB0002F07D9 /* Hamburguesas.app */,
			);
			name = Products;
			sourceTree = "<group>";
		};
		D80EA3CB1EF47BB0002F07D9 /* Hamburguesas */ = {
			isa = PBXGroup;
			children = (
				D80EA3CC1EF47BB0002F07D9 /* AppDelegate.swift */,
				D80EA3CE1EF47BB0002F07D9 /* ViewController.swift */,
				D80EA3D01EF47BB0002F07D9 /* Main.storyboard */,
				D80EA3D31EF47BB0002F07D9 /* Assets.xcassets */,
				D80EA3D51EF47BB0002F07D9 /* LaunchScreen.storyboard */,
				D80EA3D81EF47BB0002F07D9 /* Info.plist */,
				D80EA3DE1EF47C49002F07D9 /* Datos.swift */,
				D80EA3E01EF48404002F07D9 /* ColorStruct.swift */,
			);
			path = Hamburguesas;
			sourceTree = "<group>";
		};
/* End PBXGroup section */

/* Begin PBXNativeTarget section */
		D80EA3C81EF47BB0002F07D9 /* Hamburguesas */ = {
			isa = PBXNativeTarget;
			buildConfigurationList = D80EA3DB1EF47BB0002F07D9 /* Build configuration list for PBXNativeTarget "Hamburguesas" */;
			buildPhases = (
				D80EA3C51EF47BB0002F07D9 /* Sources */,
				D80EA3C61EF47BB0002F07D9 /* Frameworks */,
				D80EA3C71EF47BB0002F07D9 /* Resources */,
			);
			buildRules = (
			);
			dependencies = (
			);
			name = Hamburguesas;
			productName = Hamburguesas;
			productReference = D80EA3C91EF47BB0002F07D9 /* Hamburguesas.app */;
			productType = "com.apple.product-type.application";
		};
/* End PBXNativeTarget section */

/* Begin PBXProject section */
		D80EA3C11EF47BB0002F07D9 /* Project object */ = {
			isa = PBXProject;
			attributes = {
				LastSwiftUpdateCheck = 0830;
				LastUpgradeCheck = 0830;
				ORGANIZATIONNAME = "Juan Esteban Diaz";
				TargetAttributes = {
					D80EA3C81EF47BB0002F07D9 = {
						CreatedOnToolsVersion = 8.3.3;
						DevelopmentTeam = W6A7Q6CPSH;
						ProvisioningStyle = Automatic;
					};
				};
			};
			buildConfigurationList = D80EA3C41EF47BB0002F07D9 /* Build configuration list for PBXProject "Hamburguesas" */;
			compatibilityVersion = "Xcode 3.2";
			developmentRegion = English;
			hasScannedForEncodings = 0;
			knownRegions = (
				en,
				Base,
			);
			mainGroup = D80EA3C01EF47BB0002F07D9;
			productRefGroup = D80EA3CA1EF47BB0002F07D9 /* Products */;
			projectDirPath = "";
			projectRoot = "";
			targets = (
				D80EA3C81EF47BB0002F07D9 /* Hamburguesas */,
			);
		};
/* End PBXProject section */

/* Begin PBXResourcesBuildPhase section */
		D80EA3C71EF47BB0002F07D9 /* Resources */ = {
			isa = PBXResourcesBuildPhase;
			buildActionMask = 2147483647;
			files = (
				D80EA3D71EF47BB0002F07D9 /* LaunchScreen.storyboard in Resources */,
				D80EA3D41EF47BB0002F07D9 /* Assets.xcassets in Resources */,
				D80EA3D21EF47BB0002F07D9 /* Main.storyboard in Resources */,
			);
			runOnlyForDeploymentPostprocessing = 0;
		};
/* End PBXResourcesBuildPhase section */

/* Begin PBXSourcesBuildPhase section */
		D80EA3C51EF47BB0002F07D9 /* Sources */ = {
			isa = PBXSourcesBuildPhase;
			buildActionMask = 2147483647;
			files = (
				D80EA3E11EF48404002F07D9 /* ColorStruct.swift in Sources */,
				D80EA3CF1EF47BB0002F07D9 /* ViewController.swift in Sources */,
				D80EA3CD1EF47BB0002F07D9 /* AppDelegate.swift in Sources */,
				D80EA3DF1EF47C49002F07D9 /* Datos.swift in Sources */,
			);
			runOnlyForDeploymentPostprocessing = 0;
		};
/* End PBXSourcesBuildPhase section */

/* Begin PBXVariantGroup section */
		D80EA3D01EF47BB0002F07D9 /* Main.storyboard */ = {
			isa = PBXVariantGroup;
			children = (
				D80EA3D11EF47BB0002F07D9 /* Base */,
			);
			name = Main.storyboard;
			sourceTree = "<group>";
		};
		D80EA3D51EF47BB0002F07D9 /* LaunchScreen.storyboard */ = {
			isa = PBXVariantGroup;
			children = (
				D80EA3D61EF47BB0002F07D9 /* Base */,
			);
			name = LaunchScreen.storyboard;
			sourceTree = "<group>";
		};
/* End PBXVariantGroup section */

/* Begin XCBuildConfiguration section */
		D80EA3D91EF47BB0002F07D9 /* Debug */ = {
			isa = XCBuildConfiguration;
			buildSettings = {
				ALWAYS_SEARCH_USER_PATHS = NO;
				CLANG_ANALYZER_NONNULL = YES;
				CLANG_ANALYZER_NUMBER_OBJECT_CONVERSION = YES_AGGRESSIVE;
				CLANG_CXX_LANGUAGE_STANDARD = "gnu++0x";
				CLANG_CXX_LIBRARY = "libc++";
				CLANG_ENABLE_MODULES = YES;
				CLANG_ENABLE_OBJC_ARC = YES;
				CLANG_WARN_BOOL_CONVERSION = YES;
				CLANG_WARN_CONSTANT_CONVERSION = YES;
				CLANG_WARN_DIRECT_OBJC_ISA_USAGE = YES_ERROR;
				CLANG_WARN_DOCUMENTATION_COMMENTS = YES;
				CLANG_WARN_EMPTY_BODY = YES;
				CLANG_WARN_ENUM_CONVERSION = YES;
				CLANG_WARN_INFINITE_RECURSION = YES;
				CLANG_WARN_INT_CONVERSION = YES;
				CLANG_WARN_OBJC_ROOT_CLASS = YES_ERROR;
				CLANG_WARN_SUSPICIOUS_MOVE = YES;
				CLANG_WARN_UNREACHABLE_CODE = YES;
				CLANG_WARN__DUPLICATE_METHOD_MATCH = YES;
				"CODE_SIGN_IDENTITY[sdk=iphoneos*]" = "iPhone Developer";
				COPY_PHASE_STRIP = NO;
				DEBUG_INFORMATION_FORMAT = dwarf;
				ENABLE_STRICT_OBJC_MSGSEND = YES;
				ENABLE_TESTABILITY = YES;
				GCC_C_LANGUAGE_STANDARD = gnu99;
				GCC_DYNAMIC_NO_PIC = NO;
				GCC_NO_COMMON_BLOCKS = YES;
				GCC_OPTIMIZATION_LEVEL = 0;
				GCC_PREPROCESSOR_DEFINITIONS = (
					"DEBUG=1",
					"$(inherited)",
				);
				GCC_WARN_64_TO_32_BIT_CONVERSION = YES;
				GCC_WARN_ABOUT_RETURN_TYPE = YES_ERROR;
				GCC_WARN_UNDECLARED_SELECTOR = YES;
				GCC_WARN_UNINITIALIZED_AUTOS = YES_AGGRESSIVE;
				GCC_WARN_UNUSED_FUNCTION = YES;
				GCC_WARN_UNUSED_VARIABLE = YES;
				IPHONEOS_DEPLOYMENT_TARGET = 10.3;
				MTL_ENABLE_DEBUG_INFO = YES;
				ONLY_ACTIVE_ARCH = YES;
				SDKROOT = iphoneos;
				SWIFT_ACTIVE_COMPILATION_CONDITIONS = DEBUG;
				SWIFT_OPTIMIZATION_LEVEL = "-Onone";
			};
			name = Debug;
		};
		D80EA3DA1EF47BB0002F07D9 /* Release */ = {
			isa = XCBuildConfiguration;
			buildSettings = {
				ALWAYS_SEARCH_USER_PATHS = NO;
				CLANG_ANALYZER_NONNULL = YES;
				CLANG_ANALYZER_NUMBER_OBJECT_CONVERSION = YES_AGGRESSIVE;
				CLANG_CXX_LANGUAGE_STANDARD = "gnu++0x";
				CLANG_CXX_LIBRARY = "libc++";
				CLANG_ENABLE_MODULES = YES;
				CLANG_ENABLE_OBJC_ARC = YES;
				CLANG_WARN_BOOL_CONVERSION = YES;
				CLANG_WARN_CONSTANT_CONVERSION = YES;
				CLANG_WARN_DIRECT_OBJC_ISA_USAGE = YES_ERROR;
				CLANG_WARN_DOCUMENTATION_COMMENTS = YES;
				CLANG_WARN_EMPTY_BODY = YES;
				CLANG_WARN_ENUM_CONVERSION = YES;
				CLANG_WARN_INFINITE_RECURSION = YES;
				CLANG_WARN_INT_CONVERSION = YES;
				CLANG_WARN_OBJC_ROOT_CLASS = YES_ERROR;
				CLANG_WARN_SUSPICIOUS_MOVE = YES;
				CLANG_WARN_UNREACHABLE_CODE = YES;
				CLANG_WARN__DUPLICATE_METHOD_MATCH = YES;
				"CODE_SIGN_IDENTITY[sdk=iphoneos*]" = "iPhone Developer";
				COPY_PHASE_STRIP = NO;
				DEBUG_INFORMATION_FORMAT = "dwarf-with-dsym";
				ENABLE_NS_ASSERTIONS = NO;
				ENABLE_STRICT_OBJC_MSGSEND = YES;
				GCC_C_LANGUAGE_STANDARD = gnu99;
				GCC_NO_COMMON_BLOCKS = YES;
				GCC_WARN_64_TO_32_BIT_CONVERSION = YES;
				GCC_WARN_ABOUT_RETURN_TYPE = YES_ERROR;
				GCC_WARN_UNDECLARED_SELECTOR = YES;
				GCC_WARN_UNINITIALIZED_AUTOS = YES_AGGRESSIVE;
				GCC_WARN_UNUSED_FUNCTION = YES;
				GCC_WARN_UNUSED_VARIABLE = YES;
				IPHONEOS_DEPLOYMENT_TARGET = 10.3;
				MTL_ENABLE_DEBUG_INFO = NO;
				SDKROOT = iphoneos;
				SWIFT_OPTIMIZATION_LEVEL = "-Owholemodule";
				VALIDATE_PRODUCT = YES;
			};
			name = Release;
		};
		D80EA3DC1EF47BB0002F07D9 /* Debug */ = {
			isa = XCBuildConfiguration;
			buildSettings = {
				ASSETCATALOG_COMPILER_APPICON_NAME = AppIcon;
				DEVELOPMENT_TEAM = W6A7Q6CPSH;
				INFOPLIST_FILE = Hamburguesas/Info.plist;
				LD_RUNPATH_SEARCH_PATHS = "$(inherited) @executable_path/Frameworks";
				PRODUCT_BUNDLE_IDENTIFIER = diaz.juanesteban.Hamburguesas;
				PRODUCT_NAME = "$(TARGET_NAME)";
				SWIFT_VERSION = 3.0;
			};
			name = Debug;
		};
		D80EA3DD1EF47BB0002F07D9 /* Release */ = {
			isa = XCBuildConfiguration;
			buildSettings = {
				ASSETCATALOG_COMPILER_APPICON_NAME = AppIcon;
				DEVELOPMENT_TEAM = W6A7Q6CPSH;
				INFOPLIST_FILE = Hamburguesas/Info.plist;
				LD_RUNPATH_SEARCH_PATHS = "$(inherited) @executable_path/Frameworks";
				PRODUCT_BUNDLE_IDENTIFIER = diaz.juanesteban.Hamburguesas;
				PRODUCT_NAME = "$(TARGET_NAME)";
				SWIFT_VERSION = 3.0;
			};
			name = Release;
		};
/* End XCBuildConfiguration section */

/* Begin XCConfigurationList section */
		D80EA3C41EF47BB0002F07D9 /* Build configuration list for PBXProject "Hamburguesas" */ = {
			isa = XCConfigurationList;
			buildConfigurations = (
				D80EA3D91EF47BB0002F07D9 /* Debug */,
				D80EA3DA1EF47BB0002F07D9 /* Release */,
			);
			defaultConfigurationIsVisible = 0;
			defaultConfigurationName = Release;
		};
		D80EA3DB1EF47BB0002F07D9 /* Build configuration list for PBXNativeTarget "Hamburguesas" */ = {
			isa = XCConfigurationList;
			buildConfigurations = (
				D80EA3DC1EF47BB0002F07D9 /* Debug */,
				D80EA3DD1EF47BB0002F07D9 /* Release */,
			);
			defaultConfigurationIsVisible = 0;
		};
/* End XCConfigurationList section */
	};
	rootObject = D80EA3C11EF47BB0002F07D9 /* Project object */;
}
